
Microsoft Visual Studio Solution File, Format Version 12.00
# Visual Studio Version 17
VisualStudioVersion = 17.5.33414.496
MinimumVisualStudioVersion = 10.0.40219.1
Project("{FAE04EC0-301F-11D3-BF4B-00C04F79EFBC}") = "Calculator", "Calculator\Calculator.csproj", "{2F1A3309-053A-4326-84A2-C5D24840CBFE}"
EndProject
Global
	GlobalSection(SolutionConfigurationPlatforms) = preSolution
		Debug|Any CPU = Debug|Any CPU
		Release|Any CPU = Release|Any CPU
	EndGlobalSection
	GlobalSection(ProjectConfigurationPlatforms) = postSolution
		{2F1A3309-053A-4326-84A2-C5D24840CBFE}.Debug|Any CPU.ActiveCfg = Debug|Any CPU
		{2F1A3309-053A-4326-84A2-C5D24840CBFE}.Debug|Any CPU.Build.0 = Debug|Any CPU
		{2F1A3309-053A-4326-84A2-C5D24840CBFE}.Release|Any CPU.ActiveCfg = Release|Any CPU
		{2F1A3309-053A-4326-84A2-C5D24840CBFE}.Release|Any CPU.Build.0 = Release|Any CPU
	EndGlobalSection
	GlobalSection(SolutionProperties) = preSolution
		HideSolutionNode = FALSE
	EndGlobalSection
	GlobalSection(ExtensibilityGlobals) = postSolution
		SolutionGuid = {5465CB85-0848-49A1-90AB-4DD53A5D7AC2}
	EndGlobalSection
EndGlobal
